// !$*UTF8*$!
{
	archiveVersion = 1;
	classes = {
	};
	objectVersion = 46;
	objects = {

/* Begin PBXBuildFile section */
		B05F6E891E5CBE9600949E17 /* CalculatorEngine.swift in Sources */ = {isa = PBXBuildFile; fileRef = B05F6E881E5CBE9600949E17 /* CalculatorEngine.swift */; };
		B0C881E01E5F890A00C1F529 /* TapeViewController.swift in Sources */ = {isa = PBXBuildFile; fileRef = B0C881DF1E5F890A00C1F529 /* TapeViewController.swift */; };
		B0EEB1561E5CA6F7004745DC /* AppDelegate.swift in Sources */ = {isa = PBXBuildFile; fileRef = B0EEB1551E5CA6F7004745DC /* AppDelegate.swift */; };
		B0EEB1581E5CA6F7004745DC /* ViewController.swift in Sources */ = {isa = PBXBuildFile; fileRef = B0EEB1571E5CA6F7004745DC /* ViewController.swift */; };
		B0EEB15B1E5CA6F7004745DC /* Main.storyboard in Resources */ = {isa = PBXBuildFile; fileRef = B0EEB1591E5CA6F7004745DC /* Main.storyboard */; };
		B0EEB15D1E5CA6F7004745DC /* Assets.xcassets in Resources */ = {isa = PBXBuildFile; fileRef = B0EEB15C1E5CA6F7004745DC /* Assets.xcassets */; };
		B0EEB1601E5CA6F7004745DC /* LaunchScreen.storyboard in Resources */ = {isa = PBXBuildFile; fileRef = B0EEB15E1E5CA6F7004745DC /* LaunchScreen.storyboard */; };
/* End PBXBuildFile section */

/* Begin PBXFileReference section */
		B05F6E881E5CBE9600949E17 /* CalculatorEngine.swift */ = {isa = PBXFileReference; fileEncoding = 4; lastKnownFileType = sourcecode.swift; path = CalculatorEngine.swift; sourceTree = "<group>"; };
		B0C881DF1E5F890A00C1F529 /* TapeViewController.swift */ = {isa = PBXFileReference; fileEncoding = 4; lastKnownFileType = sourcecode.swift; path = TapeViewController.swift; sourceTree = "<group>"; };
		B0EEB1521E5CA6F7004745DC /* CalculatorRPN.app */ = {isa = PBXFileReference; explicitFileType = wrapper.application; includeInIndex = 0; path = CalculatorRPN.app; sourceTree = BUILT_PRODUCTS_DIR; };
		B0EEB1551E5CA6F7004745DC /* AppDelegate.swift */ = {isa = PBXFileReference; lastKnownFileType = sourcecode.swift; path = AppDelegate.swift; sourceTree = "<group>"; };
		B0EEB1571E5CA6F7004745DC /* ViewController.swift */ = {isa = PBXFileReference; lastKnownFileType = sourcecode.swift; path = ViewController.swift; sourceTree = "<group>"; };
		B0EEB15A1E5CA6F7004745DC /* Base */ = {isa = PBXFileReference; lastKnownFileType = file.storyboard; name = Base; path = Base.lproj/Main.storyboard; sourceTree = "<group>"; };
		B0EEB15C1E5CA6F7004745DC /* Assets.xcassets */ = {isa = PBXFileReference; lastKnownFileType = folder.assetcatalog; path = Assets.xcassets; sourceTree = "<group>"; };
		B0EEB15F1E5CA6F7004745DC /* Base */ = {isa = PBXFileReference; lastKnownFileType = file.storyboard; name = Base; path = Base.lproj/LaunchScreen.storyboard; sourceTree = "<group>"; };
		B0EEB1611E5CA6F7004745DC /* Info.plist */ = {isa = PBXFileReference; lastKnownFileType = text.plist.xml; path = Info.plist; sourceTree = "<group>"; };
/* End PBXFileReference section */

/* Begin PBXFrameworksBuildPhase section */
		B0EEB14F1E5CA6F7004745DC /* Frameworks */ = {
			isa = PBXFrameworksBuildPhase;
			buildActionMask = 2147483647;
			files = (
			);
			runOnlyForDeploymentPostprocessing = 0;
		};
/* End PBXFrameworksBuildPhase section */

/* Begin PBXGroup section */
		B0EEB1491E5CA6F7004745DC = {
			isa = PBXGroup;
			children = (
				B0EEB1541E5CA6F7004745DC /* CalculatorRPN */,
				B0EEB1531E5CA6F7004745DC /* Products */,
			);
			sourceTree = "<group>";
		};
		B0EEB1531E5CA6F7004745DC /* Products */ = {
			isa = PBXGroup;
			children = (
				B0EEB1521E5CA6F7004745DC /* CalculatorRPN.app */,
			);
			name = Products;
			sourceTree = "<group>";
		};
		B0EEB1541E5CA6F7004745DC /* CalculatorRPN */ = {
			isa = PBXGroup;
			children = (
				B0EEB1551E5CA6F7004745DC /* AppDelegate.swift */,
				B0C881DF1E5F890A00C1F529 /* TapeViewController.swift */,
				B0EEB1571E5CA6F7004745DC /* ViewController.swift */,
				B0EEB1591E5CA6F7004745DC /* Main.storyboard */,
				B0EEB15C1E5CA6F7004745DC /* Assets.xcassets */,
				B0EEB15E1E5CA6F7004745DC /* LaunchScreen.storyboard */,
				B0EEB1611E5CA6F7004745DC /* Info.plist */,
				B05F6E881E5CBE9600949E17 /* CalculatorEngine.swift */,
			);
			path = CalculatorRPN;
			sourceTree = "<group>";
		};
/* End PBXGroup section */

/* Begin PBXNativeTarget section */
		B0EEB1511E5CA6F7004745DC /* CalculatorRPN */ = {
			isa = PBXNativeTarget;
			buildConfigurationList = B0EEB1641E5CA6F7004745DC /* Build configuration list for PBXNativeTarget "CalculatorRPN" */;
			buildPhases = (
				B0EEB14E1E5CA6F7004745DC /* Sources */,
				B0EEB14F1E5CA6F7004745DC /* Frameworks */,
				B0EEB1501E5CA6F7004745DC /* Resources */,
			);
			buildRules = (
			);
			dependencies = (
			);
			name = CalculatorRPN;
			productName = CalculatorRPN;
			productReference = B0EEB1521E5CA6F7004745DC /* CalculatorRPN.app */;
			productType = "com.apple.product-type.application";
		};
/* End PBXNativeTarget section */

/* Begin PBXProject section */
		B0EEB14A1E5CA6F7004745DC /* Project object */ = {
			isa = PBXProject;
			attributes = {
				LastSwiftUpdateCheck = 0800;
				LastUpgradeCheck = 0820;
				ORGANIZATIONNAME = "Adrijus Zelinskis";
				TargetAttributes = {
					B0EEB1511E5CA6F7004745DC = {
						CreatedOnToolsVersion = 8.0;
						DevelopmentTeam = ARG8RHYTAS;
						ProvisioningStyle = Automatic;
					};
				};
			};
			buildConfigurationList = B0EEB14D1E5CA6F7004745DC /* Build configuration list for PBXProject "CalculatorRPN" */;
			compatibilityVersion = "Xcode 3.2";
			developmentRegion = English;
			hasScannedForEncodings = 0;
			knownRegions = (
				en,
				Base,
			);
			mainGroup = B0EEB1491E5CA6F7004745DC;
			productRefGroup = B0EEB1531E5CA6F7004745DC /* Products */;
			projectDirPath = "";
			projectRoot = "";
			targets = (
				B0EEB1511E5CA6F7004745DC /* CalculatorRPN */,
			);
		};
/* End PBXProject section */

/* Begin PBXResourcesBuildPhase section */
		B0EEB1501E5CA6F7004745DC /* Resources */ = {
			isa = PBXResourcesBuildPhase;
			buildActionMask = 2147483647;
			files = (
				B0EEB1601E5CA6F7004745DC /* LaunchScreen.storyboard in Resources */,
				B0EEB15D1E5CA6F7004745DC /* Assets.xcassets in Resources */,
				B0EEB15B1E5CA6F7004745DC /* Main.storyboard in Resources */,
			);
			runOnlyForDeploymentPostprocessing = 0;
		};
/* End PBXResourcesBuildPhase section */

/* Begin PBXSourcesBuildPhase section */
		B0EEB14E1E5CA6F7004745DC /* Sources */ = {
			isa = PBXSourcesBuildPhase;
			buildActionMask = 2147483647;
			files = (
				B0C881E01E5F890A00C1F529 /* TapeViewController.swift in Sources */,
				B0EEB1581E5CA6F7004745DC /* ViewController.swift in Sources */,
				B0EEB1561E5CA6F7004745DC /* AppDelegate.swift in Sources */,
				B05F6E891E5CBE9600949E17 /* CalculatorEngine.swift in Sources */,
			);
			runOnlyForDeploymentPostprocessing = 0;
		};
/* End PBXSourcesBuildPhase section */

/* Begin PBXVariantGroup section */
		B0EEB1591E5CA6F7004745DC /* Main.storyboard */ = {
			isa = PBXVariantGroup;
			children = (
				B0EEB15A1E5CA6F7004745DC /* Base */,
			);
			name = Main.storyboard;
			sourceTree = "<group>";
		};
		B0EEB15E1E5CA6F7004745DC /* LaunchScreen.storyboard */ = {
			isa = PBXVariantGroup;
			children = (
				B0EEB15F1E5CA6F7004745DC /* Base */,
			);
			name = LaunchScreen.storyboard;
			sourceTree = "<group>";
		};
/* End PBXVariantGroup section */

/* Begin XCBuildConfiguration section */
		B0EEB1621E5CA6F7004745DC /* Debug */ = {
			isa = XCBuildConfiguration;
			buildSettings = {
				ALWAYS_SEARCH_USER_PATHS = NO;
				CLANG_ANALYZER_NONNULL = YES;
				CLANG_CXX_LANGUAGE_STANDARD = "gnu++0x";
				CLANG_CXX_LIBRARY = "libc++";
				CLANG_ENABLE_MODULES = YES;
				CLANG_ENABLE_OBJC_ARC = YES;
				CLANG_WARN_BOOL_CONVERSION = YES;
				CLANG_WARN_CONSTANT_CONVERSION = YES;
				CLANG_WARN_DIRECT_OBJC_ISA_USAGE = YES_ERROR;
				CLANG_WARN_DOCUMENTATION_COMMENTS = YES;
				CLANG_WARN_EMPTY_BODY = YES;
				CLANG_WARN_ENUM_CONVERSION = YES;
				CLANG_WARN_INFINITE_RECURSION = YES;
				CLANG_WARN_INT_CONVERSION = YES;
				CLANG_WARN_OBJC_ROOT_CLASS = YES_ERROR;
				CLANG_WARN_SUSPICIOUS_MOVE = YES;
				CLANG_WARN_SUSPICIOUS_MOVES = YES;
				CLANG_WARN_UNREACHABLE_CODE = YES;
				CLANG_WARN__DUPLICATE_METHOD_MATCH = YES;
				"CODE_SIGN_IDENTITY[sdk=iphoneos*]" = "iPhone Developer";
				COPY_PHASE_STRIP = NO;
				DEBUG_INFORMATION_FORMAT = dwarf;
				ENABLE_STRICT_OBJC_MSGSEND = YES;
				ENABLE_TESTABILITY = YES;
				GCC_C_LANGUAGE_STANDARD = gnu99;
				GCC_DYNAMIC_NO_PIC = NO;
				GCC_NO_COMMON_BLOCKS = YES;
				GCC_OPTIMIZATION_LEVEL = 0;
				GCC_PREPROCESSOR_DEFINITIONS = (
					"DEBUG=1",
					"$(inherited)",
				);
				GCC_WARN_64_TO_32_BIT_CONVERSION = YES;
				GCC_WARN_ABOUT_RETURN_TYPE = YES_ERROR;
				GCC_WARN_UNDECLARED_SELECTOR = YES;
				GCC_WARN_UNINITIALIZED_AUTOS = YES_AGGRESSIVE;
				GCC_WARN_UNUSED_FUNCTION = YES;
				GCC_WARN_UNUSED_VARIABLE = YES;
				IPHONEOS_DEPLOYMENT_TARGET = 10.0;
				MTL_ENABLE_DEBUG_INFO = YES;
				ONLY_ACTIVE_ARCH = YES;
				SDKROOT = iphoneos;
				SWIFT_ACTIVE_COMPILATION_CONDITIONS = DEBUG;
				SWIFT_OPTIMIZATION_LEVEL = "-Onone";
				TARGETED_DEVICE_FAMILY = "1,2";
			};
			name = Debug;
		};
		B0EEB1631E5CA6F7004745DC /* Release */ = {
			isa = XCBuildConfiguration;
			buildSettings = {
				ALWAYS_SEARCH_USER_PATHS = NO;
				CLANG_ANALYZER_NONNULL = YES;
				CLANG_CXX_LANGUAGE_STANDARD = "gnu++0x";
				CLANG_CXX_LIBRARY = "libc++";
				CLANG_ENABLE_MODULES = YES;
				CLANG_ENABLE_OBJC_ARC = YES;
				CLANG_WARN_BOOL_CONVERSION = YES;
				CLANG_WARN_CONSTANT_CONVERSION = YES;
				CLANG_WARN_DIRECT_OBJC_ISA_USAGE = YES_ERROR;
				CLANG_WARN_DOCUMENTATION_COMMENTS = YES;
				CLANG_WARN_EMPTY_BODY = YES;
				CLANG_WARN_ENUM_CONVERSION = YES;
				CLANG_WARN_INFINITE_RECURSION = YES;
				CLANG_WARN_INT_CONVERSION = YES;
				CLANG_WARN_OBJC_ROOT_CLASS = YES_ERROR;
				CLANG_WARN_SUSPICIOUS_MOVE = YES;
				CLANG_WARN_SUSPICIOUS_MOVES = YES;
				CLANG_WARN_UNREACHABLE_CODE = YES;
				CLANG_WARN__DUPLICATE_METHOD_MATCH = YES;
				"CODE_SIGN_IDENTITY[sdk=iphoneos*]" = "iPhone Developer";
				COPY_PHASE_STRIP = NO;
				DEBUG_INFORMATION_FORMAT = "dwarf-with-dsym";
				ENABLE_NS_ASSERTIONS = NO;
				ENABLE_STRICT_OBJC_MSGSEND = YES;
				GCC_C_LANGUAGE_STANDARD = gnu99;
				GCC_NO_COMMON_BLOCKS = YES;
				GCC_WARN_64_TO_32_BIT_CONVERSION = YES;
				GCC_WARN_ABOUT_RETURN_TYPE = YES_ERROR;
				GCC_WARN_UNDECLARED_SELECTOR = YES;
				GCC_WARN_UNINITIALIZED_AUTOS = YES_AGGRESSIVE;
				GCC_WARN_UNUSED_FUNCTION = YES;
				GCC_WARN_UNUSED_VARIABLE = YES;
				IPHONEOS_DEPLOYMENT_TARGET = 10.0;
				MTL_ENABLE_DEBUG_INFO = NO;
				SDKROOT = iphoneos;
				SWIFT_OPTIMIZATION_LEVEL = "-Owholemodule";
				TARGETED_DEVICE_FAMILY = "1,2";
				VALIDATE_PRODUCT = YES;
			};
			name = Release;
		};
		B0EEB1651E5CA6F7004745DC /* Debug */ = {
			isa = XCBuildConfiguration;
			buildSettings = {
				ASSETCATALOG_COMPILER_APPICON_NAME = AppIcon;
				DEVELOPMENT_TEAM = ARG8RHYTAS;
				INFOPLIST_FILE = CalculatorRPN/Info.plist;
				IPHONEOS_DEPLOYMENT_TARGET = 10.2;
				LD_RUNPATH_SEARCH_PATHS = "$(inherited) @executable_path/Frameworks";
				PRODUCT_BUNDLE_IDENTIFIER = com.example.CalculatorRPN;
				PRODUCT_NAME = "$(TARGET_NAME)";
				SWIFT_VERSION = 3.0;
			};
			name = Debug;
		};
		B0EEB1661E5CA6F7004745DC /* Release */ = {
			isa = XCBuildConfiguration;
			buildSettings = {
				ASSETCATALOG_COMPILER_APPICON_NAME = AppIcon;
				DEVELOPMENT_TEAM = ARG8RHYTAS;
				INFOPLIST_FILE = CalculatorRPN/Info.plist;
				IPHONEOS_DEPLOYMENT_TARGET = 10.2;
				LD_RUNPATH_SEARCH_PATHS = "$(inherited) @executable_path/Frameworks";
				PRODUCT_BUNDLE_IDENTIFIER = com.example.CalculatorRPN;
				PRODUCT_NAME = "$(TARGET_NAME)";
				SWIFT_VERSION = 3.0;
			};
			name = Release;
		};
/* End XCBuildConfiguration section */

/* Begin XCConfigurationList section */
		B0EEB14D1E5CA6F7004745DC /* Build configuration list for PBXProject "CalculatorRPN" */ = {
			isa = XCConfigurationList;
			buildConfigurations = (
				B0EEB1621E5CA6F7004745DC /* Debug */,
				B0EEB1631E5CA6F7004745DC /* Release */,
			);
			defaultConfigurationIsVisible = 0;
			defaultConfigurationName = Release;
		};
		B0EEB1641E5CA6F7004745DC /* Build configuration list for PBXNativeTarget "CalculatorRPN" */ = {
			isa = XCConfigurationList;
			buildConfigurations = (
				B0EEB1651E5CA6F7004745DC /* Debug */,
				B0EEB1661E5CA6F7004745DC /* Release */,
			);
			defaultConfigurationIsVisible = 0;
			defaultConfigurationName = Release;
		};
/* End XCConfigurationList section */
	};
	rootObject = B0EEB14A1E5CA6F7004745DC /* Project object */;
}
